<Solution>
  <Folder Name="/benchmarks/">
    <Project Path="benchmarks/FunctionFoundry.Data.Benchmarks/FunctionFoundry.Data.Benchmarks.csproj" />
    <Project Path="benchmarks/FunctionFoundry.Distributed.Benchmarks/FunctionFoundry.Distributed.Benchmarks.csproj" />
    <Project Path="benchmarks/FunctionFoundry.Integrity.Benchmarks/FunctionFoundry.Integrity.Benchmarks.csproj" />
    <Project Path="benchmarks/FunctionFoundry.Networking.Benchmarks/FunctionFoundry.Networking.Benchmarks.csproj" />
    <Project Path="benchmarks/FunctionFoundry.Observability.Benchmarks/FunctionFoundry.Observability.Benchmarks.csproj" />
    <Project Path="benchmarks/FunctionFoundry.Resilience.Benchmarks/FunctionFoundry.Resilience.Benchmarks.csproj" />
    <Project Path="benchmarks/FunctionFoundry.Security.Benchmarks/FunctionFoundry.Security.Benchmarks.csproj" />
    <Project Path="benchmarks/FunctionFoundry.Scheduling.Benchmarks/FunctionFoundry.Scheduling.Benchmarks.csproj" />
    <Project Path="benchmarks/FunctionFoundry.Storage.Benchmarks/FunctionFoundry.Storage.Benchmarks.csproj" />
  </Folder>
  <Folder Name="/samples/">
    <Project Path="samples/FunctionFoundry.Data.Sample/FunctionFoundry.Data.Sample.csproj" />
    <Project Path="samples/FunctionFoundry.Distributed.Sample/FunctionFoundry.Distributed.Sample.csproj" />
    <Project Path="samples/FunctionFoundry.Integrity.Sample/FunctionFoundry.Integrity.Sample.csproj" />
    <Project Path="samples/FunctionFoundry.Networking.Sample/FunctionFoundry.Networking.Sample.csproj" />
    <Project Path="samples/FunctionFoundry.Observability.Sample/FunctionFoundry.Observability.Sample.csproj" />
    <Project Path="samples/FunctionFoundry.Resilience.Sample/FunctionFoundry.Resilience.Sample.csproj" />
    <Project Path="samples/FunctionFoundry.Security.Sample/FunctionFoundry.Security.Sample.csproj" />
    <Project Path="samples/FunctionFoundry.Scheduling.Sample/FunctionFoundry.Scheduling.Sample.csproj" />
    <Project Path="samples/FunctionFoundry.Storage.Sample/FunctionFoundry.Storage.Sample.csproj" />
  </Folder>
  <Folder Name="/src/">
    <Project Path="src/FunctionFoundry.Data/FunctionFoundry.Data.csproj" />
    <Project Path="src/FunctionFoundry.Distributed/FunctionFoundry.Distributed.csproj" />
    <Project Path="src/FunctionFoundry.Integrity/FunctionFoundry.Integrity.csproj" />
    <Project Path="src/FunctionFoundry.Networking/FunctionFoundry.Networking.csproj" />
    <Project Path="src/FunctionFoundry.Observability/FunctionFoundry.Observability.csproj" />
    <Project Path="src/FunctionFoundry.Resilience/FunctionFoundry.Resilience.csproj" />
    <Project Path="src/FunctionFoundry.Security/FunctionFoundry.Security.csproj" />
    <Project Path="src/FunctionFoundry.Scheduling/FunctionFoundry.Scheduling.csproj" />
    <Project Path="src/FunctionFoundry.Storage/FunctionFoundry.Storage.csproj" />
  </Folder>
  <Folder Name="/tests/">
    <Project Path="tests/FunctionFoundry.Data.Tests/FunctionFoundry.Data.Tests.csproj" />
    <Project Path="tests/FunctionFoundry.Distributed.Tests/FunctionFoundry.Distributed.Tests.csproj" />
    <Project Path="tests/FunctionFoundry.Engineering.Tests/FunctionFoundry.Engineering.Tests.csproj" />
    <Project Path="tests/FunctionFoundry.Integrity.Tests/FunctionFoundry.Integrity.Tests.csproj" />
    <Project Path="tests/FunctionFoundry.Networking.Tests/FunctionFoundry.Networking.Tests.csproj" />
    <Project Path="tests/FunctionFoundry.Observability.Tests/FunctionFoundry.Observability.Tests.csproj" />
    <Project Path="tests/FunctionFoundry.Resilience.Tests/FunctionFoundry.Resilience.Tests.csproj" />
    <Project Path="tests/FunctionFoundry.Security.Tests/FunctionFoundry.Security.Tests.csproj" />
    <Project Path="tests/FunctionFoundry.Scheduling.Tests/FunctionFoundry.Scheduling.Tests.csproj" />
    <Project Path="tests/FunctionFoundry.Storage.Tests/FunctionFoundry.Storage.Tests.csproj" />
  </Folder>
</Solution>
